
Microsoft Visual Studio Solution File, Format Version 12.00
# Visual Studio Version 16
VisualStudioVersion = 16.0.31624.102
MinimumVisualStudioVersion = 10.0.40219.1
Project("{FAE04EC0-301F-11D3-BF4B-00C04F79EFBC}") = "Assignment-1", "Assignment-1\Assignment-1.csproj", "{99872B87-EB54-467A-9CE5-0E828CB65E5B}"
EndProject
Global
	GlobalSection(SolutionConfigurationPlatforms) = preSolution
		Debug|Any CPU = Debug|Any CPU
		Release|Any CPU = Release|Any CPU
	EndGlobalSection
	GlobalSection(ProjectConfigurationPlatforms) = postSolution
		{99872B87-EB54-467A-9CE5-0E828CB65E5B}.Debug|Any CPU.ActiveCfg = Debug|Any CPU
		{99872B87-EB54-467A-9CE5-0E828CB65E5B}.Debug|Any CPU.Build.0 = Debug|Any CPU
		{99872B87-EB54-467A-9CE5-0E828CB65E5B}.Release|Any CPU.ActiveCfg = Release|Any CPU
		{99872B87-EB54-467A-9CE5-0E828CB65E5B}.Release|Any CPU.Build.0 = Release|Any CPU
	EndGlobalSection
	GlobalSection(SolutionProperties) = preSolution
		HideSolutionNode = FALSE
	EndGlobalSection
	GlobalSection(ExtensibilityGlobals) = postSolution
		SolutionGuid = {A526F0DC-ABEA-4926-9D1B-6C3622746819}
	EndGlobalSection
EndGlobal
